// !$*UTF8*$!
{
	archiveVersion = 1;
	classes = {
	};
	objectVersion = 48;
	objects = {

/* Begin PBXBuildFile section */
		AF4010DC20066BEC00A4D004 /* libWeChatSDK.a in Frameworks */ = {isa = PBXBuildFile; fileRef = AF4010D720066BEC00A4D004 /* libWeChatSDK.a */; };
		AF4010DD20066BEC00A4D004 /* WechatAuthSDK.h in Headers */ = {isa = PBXBuildFile; fileRef = AF4010D920066BEC00A4D004 /* WechatAuthSDK.h */; };
		AF4010DE20066BEC00A4D004 /* WXApi.h in Headers */ = {isa = PBXBuildFile; fileRef = AF4010DA20066BEC00A4D004 /* WXApi.h */; };
		AF4010DF20066BEC00A4D004 /* WXApiObject.h in Headers */ = {isa = PBXBuildFile; fileRef = AF4010DB20066BEC00A4D004 /* WXApiObject.h */; };
		AF914F6920075B61006CDBCA /* alipayManager.h in Headers */ = {isa = PBXBuildFile; fileRef = AF914F6720075B61006CDBCA /* alipayManager.h */; };
		AF914F6A20075B61006CDBCA /* alipayManager.m in Sources */ = {isa = PBXBuildFile; fileRef = AF914F6820075B61006CDBCA /* alipayManager.m */; };
		AF914F6D20075B82006CDBCA /* wxpayManager.h in Headers */ = {isa = PBXBuildFile; fileRef = AF914F6B20075B82006CDBCA /* wxpayManager.h */; };
		AF914F6E20075B82006CDBCA /* wxpayManager.m in Sources */ = {isa = PBXBuildFile; fileRef = AF914F6C20075B82006CDBCA /* wxpayManager.m */; };
		AF914F7120075E81006CDBCA /* ANEExtensionFunc.h in Headers */ = {isa = PBXBuildFile; fileRef = AF914F6F20075E80006CDBCA /* ANEExtensionFunc.h */; };
		AF914F7220075E81006CDBCA /* ANEExtensionFunc.m in Sources */ = {isa = PBXBuildFile; fileRef = AF914F7020075E81006CDBCA /* ANEExtensionFunc.m */; };
		AF914F7520076559006CDBCA /* APOrderInfo.h in Headers */ = {isa = PBXBuildFile; fileRef = AF914F7320076558006CDBCA /* APOrderInfo.h */; };
		AF914F7620076559006CDBCA /* APOrderInfo.m in Sources */ = {isa = PBXBuildFile; fileRef = AF914F7420076558006CDBCA /* APOrderInfo.m */; };
		AFF3502D2005B51300807E17 /* Foundation.framework in Frameworks */ = {isa = PBXBuildFile; fileRef = AFF3502C2005B51300807E17 /* Foundation.framework */; };
		AFF3502F2005B51300807E17 /* CoreFoundation.framework in Frameworks */ = {isa = PBXBuildFile; fileRef = AFF3502E2005B51300807E17 /* CoreFoundation.framework */; };
		AFF350312005B51300807E17 /* UIKit.framework in Frameworks */ = {isa = PBXBuildFile; fileRef = AFF350302005B51300807E17 /* UIKit.framework */; };
		AFF350332005B51300807E17 /* MobileCoreServices.framework in Frameworks */ = {isa = PBXBuildFile; fileRef = AFF350322005B51300807E17 /* MobileCoreServices.framework */; };
		AFF350352005B51300807E17 /* CoreGraphics.framework in Frameworks */ = {isa = PBXBuildFile; fileRef = AFF350342005B51300807E17 /* CoreGraphics.framework */; };
		AFF350372005B51300807E17 /* SystemConfiguration.framework in Frameworks */ = {isa = PBXBuildFile; fileRef = AFF350362005B51300807E17 /* SystemConfiguration.framework */; };
		AFF350392005B51300807E17 /* AudioToolbox.framework in Frameworks */ = {isa = PBXBuildFile; fileRef = AFF350382005B51300807E17 /* AudioToolbox.framework */; };
		AFF3503B2005B51300807E17 /* CFNetwork.framework in Frameworks */ = {isa = PBXBuildFile; fileRef = AFF3503A2005B51300807E17 /* CFNetwork.framework */; };
		AFF3503D2005B51300807E17 /* QuartzCore.framework in Frameworks */ = {isa = PBXBuildFile; fileRef = AFF3503C2005B51300807E17 /* QuartzCore.framework */; };
		AFF3503F2005B51300807E17 /* OpenGLES.framework in Frameworks */ = {isa = PBXBuildFile; fileRef = AFF3503E2005B51300807E17 /* OpenGLES.framework */; };
		AFF350412005B51300807E17 /* CoreLocation.framework in Frameworks */ = {isa = PBXBuildFile; fileRef = AFF350402005B51300807E17 /* CoreLocation.framework */; };
		AFF350432005B51300807E17 /* CoreMedia.framework in Frameworks */ = {isa = PBXBuildFile; fileRef = AFF350422005B51300807E17 /* CoreMedia.framework */; };
		AFF350452005B51300807E17 /* CoreVideo.framework in Frameworks */ = {isa = PBXBuildFile; fileRef = AFF350442005B51300807E17 /* CoreVideo.framework */; };
		AFF350472005B51300807E17 /* AVFoundation.framework in Frameworks */ = {isa = PBXBuildFile; fileRef = AFF350462005B51300807E17 /* AVFoundation.framework */; };
		AFF350492005B51300807E17 /* Security.framework in Frameworks */ = {isa = PBXBuildFile; fileRef = AFF350482005B51300807E17 /* Security.framework */; };
		AFF350582005B51300807E17 /* wmpayane.h in Headers */ = {isa = PBXBuildFile; fileRef = AFF350572005B51300807E17 /* wmpayane.h */; };
		AFF3505A2005B51300807E17 /* wmpayane.m in Sources */ = {isa = PBXBuildFile; fileRef = AFF350592005B51300807E17 /* wmpayane.m */; };
		AFF3510E2005C2A700807E17 /* APRSASigner.h in Headers */ = {isa = PBXBuildFile; fileRef = AFF350BC2005C2A700807E17 /* APRSASigner.h */; };
		AFF3510F2005C2A700807E17 /* APRSASigner.m in Sources */ = {isa = PBXBuildFile; fileRef = AFF350BD2005C2A700807E17 /* APRSASigner.m */; };
		AFF351102005C2A700807E17 /* openssl_wrapper.h in Headers */ = {isa = PBXBuildFile; fileRef = AFF350BE2005C2A700807E17 /* openssl_wrapper.h */; };
		AFF351112005C2A700807E17 /* openssl_wrapper.m in Sources */ = {isa = PBXBuildFile; fileRef = AFF350BF2005C2A700807E17 /* openssl_wrapper.m */; };
		AFF351192005F07D00807E17 /* ANETypeConversion.h in Headers */ = {isa = PBXBuildFile; fileRef = AFF351152005F07D00807E17 /* ANETypeConversion.h */; };
		AFF3511A2005F07D00807E17 /* ANETypeConversion.m in Sources */ = {isa = PBXBuildFile; fileRef = AFF351162005F07D00807E17 /* ANETypeConversion.m */; };
		AFF3511C2005F67800807E17 /* CoreMotion.framework in Frameworks */ = {isa = PBXBuildFile; fileRef = AFF3511B2005F67700807E17 /* CoreMotion.framework */; };
		AFF3511E2005F68400807E17 /* CoreTelephony.framework in Frameworks */ = {isa = PBXBuildFile; fileRef = AFF3511D2005F68400807E17 /* CoreTelephony.framework */; };
		AFF351202005F69400807E17 /* CoreText.framework in Frameworks */ = {isa = PBXBuildFile; fileRef = AFF3511F2005F69300807E17 /* CoreText.framework */; };
		AFF351422006269F00807E17 /* AlipaySDK.framework in Frameworks */ = {isa = PBXBuildFile; fileRef = AFF351412006269F00807E17 /* AlipaySDK.framework */; };
/* End PBXBuildFile section */

/* Begin PBXContainerItemProxy section */
		AFF350502005B51300807E17 /* PBXContainerItemProxy */ = {
			isa = PBXContainerItemProxy;
			containerPortal = AFF350212005B51200807E17 /* Project object */;
			proxyType = 1;
			remoteGlobalIDString = AFF350282005B51300807E17;
			remoteInfo = wmpayane;
		};
		AFF350522005B51300807E17 /* PBXContainerItemProxy */ = {
			isa = PBXContainerItemProxy;
			containerPortal = AFF350212005B51200807E17 /* Project object */;
			proxyType = 1;
			remoteGlobalIDString = AFF3504B2005B51300807E17;
			remoteInfo = wmpayane.ane;
		};
/* End PBXContainerItemProxy section */

/* Begin PBXFileReference section */
		AF4010D720066BEC00A4D004 /* libWeChatSDK.a */ = {isa = PBXFileReference; lastKnownFileType = archive.ar; path = libWeChatSDK.a; sourceTree = "<group>"; };
		AF4010D820066BEC00A4D004 /* README.txt */ = {isa = PBXFileReference; fileEncoding = 4; lastKnownFileType = text; path = README.txt; sourceTree = "<group>"; };
		AF4010D920066BEC00A4D004 /* WechatAuthSDK.h */ = {isa = PBXFileReference; fileEncoding = 4; lastKnownFileType = sourcecode.c.h; path = WechatAuthSDK.h; sourceTree = "<group>"; };
		AF4010DA20066BEC00A4D004 /* WXApi.h */ = {isa = PBXFileReference; fileEncoding = 4; lastKnownFileType = sourcecode.c.h; path = WXApi.h; sourceTree = "<group>"; };
		AF4010DB20066BEC00A4D004 /* WXApiObject.h */ = {isa = PBXFileReference; fileEncoding = 4; lastKnownFileType = sourcecode.c.h; path = WXApiObject.h; sourceTree = "<group>"; };
		AF914F6720075B61006CDBCA /* alipayManager.h */ = {isa = PBXFileReference; lastKnownFileType = sourcecode.c.h; path = alipayManager.h; sourceTree = "<group>"; };
		AF914F6820075B61006CDBCA /* alipayManager.m */ = {isa = PBXFileReference; lastKnownFileType = sourcecode.c.objc; path = alipayManager.m; sourceTree = "<group>"; };
		AF914F6B20075B82006CDBCA /* wxpayManager.h */ = {isa = PBXFileReference; lastKnownFileType = sourcecode.c.h; path = wxpayManager.h; sourceTree = "<group>"; };
		AF914F6C20075B82006CDBCA /* wxpayManager.m */ = {isa = PBXFileReference; lastKnownFileType = sourcecode.c.objc; path = wxpayManager.m; sourceTree = "<group>"; };
		AF914F6F20075E80006CDBCA /* ANEExtensionFunc.h */ = {isa = PBXFileReference; fileEncoding = 4; lastKnownFileType = sourcecode.c.h; path = ANEExtensionFunc.h; sourceTree = "<group>"; };
		AF914F7020075E81006CDBCA /* ANEExtensionFunc.m */ = {isa = PBXFileReference; fileEncoding = 4; lastKnownFileType = sourcecode.c.objc; path = ANEExtensionFunc.m; sourceTree = "<group>"; };
		AF914F7320076558006CDBCA /* APOrderInfo.h */ = {isa = PBXFileReference; fileEncoding = 4; lastKnownFileType = sourcecode.c.h; path = APOrderInfo.h; sourceTree = "<group>"; };
		AF914F7420076558006CDBCA /* APOrderInfo.m */ = {isa = PBXFileReference; fileEncoding = 4; lastKnownFileType = sourcecode.c.objc; path = APOrderInfo.m; sourceTree = "<group>"; };
		AFF350292005B51300807E17 /* libwmpayane.a */ = {isa = PBXFileReference; explicitFileType = archive.ar; includeInIndex = 0; path = libwmpayane.a; sourceTree = BUILT_PRODUCTS_DIR; };
		AFF3502C2005B51300807E17 /* Foundation.framework */ = {isa = PBXFileReference; lastKnownFileType = wrapper.framework; name = Foundation.framework; path = System/Library/Frameworks/Foundation.framework; sourceTree = SDKROOT; };
		AFF3502E2005B51300807E17 /* CoreFoundation.framework */ = {isa = PBXFileReference; lastKnownFileType = wrapper.framework; name = CoreFoundation.framework; path = System/Library/Frameworks/CoreFoundation.framework; sourceTree = SDKROOT; };
		AFF350302005B51300807E17 /* UIKit.framework */ = {isa = PBXFileReference; lastKnownFileType = wrapper.framework; name = UIKit.framework; path = System/Library/Frameworks/UIKit.framework; sourceTree = SDKROOT; };
		AFF350322005B51300807E17 /* MobileCoreServices.framework */ = {isa = PBXFileReference; lastKnownFileType = wrapper.framework; name = MobileCoreServices.framework; path = System/Library/Frameworks/MobileCoreServices.framework; sourceTree = SDKROOT; };
		AFF350342005B51300807E17 /* CoreGraphics.framework */ = {isa = PBXFileReference; lastKnownFileType = wrapper.framework; name = CoreGraphics.framework; path = System/Library/Frameworks/CoreGraphics.framework; sourceTree = SDKROOT; };
		AFF350362005B51300807E17 /* SystemConfiguration.framework */ = {isa = PBXFileReference; lastKnownFileType = wrapper.framework; name = SystemConfiguration.framework; path = System/Library/Frameworks/SystemConfiguration.framework; sourceTree = SDKROOT; };
		AFF350382005B51300807E17 /* AudioToolbox.framework */ = {isa = PBXFileReference; lastKnownFileType = wrapper.framework; name = AudioToolbox.framework; path = System/Library/Frameworks/AudioToolbox.framework; sourceTree = SDKROOT; };
		AFF3503A2005B51300807E17 /* CFNetwork.framework */ = {isa = PBXFileReference; lastKnownFileType = wrapper.framework; name = CFNetwork.framework; path = System/Library/Frameworks/CFNetwork.framework; sourceTree = SDKROOT; };
		AFF3503C2005B51300807E17 /* QuartzCore.framework */ = {isa = PBXFileReference; lastKnownFileType = wrapper.framework; name = QuartzCore.framework; path = System/Library/Frameworks/QuartzCore.framework; sourceTree = SDKROOT; };
		AFF3503E2005B51300807E17 /* OpenGLES.framework */ = {isa = PBXFileReference; lastKnownFileType = wrapper.framework; name = OpenGLES.framework; path = System/Library/Frameworks/OpenGLES.framework; sourceTree = SDKROOT; };
		AFF350402005B51300807E17 /* CoreLocation.framework */ = {isa = PBXFileReference; lastKnownFileType = wrapper.framework; name = CoreLocation.framework; path = System/Library/Frameworks/CoreLocation.framework; sourceTree = SDKROOT; };
		AFF350422005B51300807E17 /* CoreMedia.framework */ = {isa = PBXFileReference; lastKnownFileType = wrapper.framework; name = CoreMedia.framework; path = System/Library/Frameworks/CoreMedia.framework; sourceTree = SDKROOT; };
		AFF350442005B51300807E17 /* CoreVideo.framework */ = {isa = PBXFileReference; lastKnownFileType = wrapper.framework; name = CoreVideo.framework; path = System/Library/Frameworks/CoreVideo.framework; sourceTree = SDKROOT; };
		AFF350462005B51300807E17 /* AVFoundation.framework */ = {isa = PBXFileReference; lastKnownFileType = wrapper.framework; name = AVFoundation.framework; path = System/Library/Frameworks/AVFoundation.framework; sourceTree = SDKROOT; };
		AFF350482005B51300807E17 /* Security.framework */ = {isa = PBXFileReference; lastKnownFileType = wrapper.framework; name = Security.framework; path = System/Library/Frameworks/Security.framework; sourceTree = SDKROOT; };
		AFF3504C2005B51300807E17 /* wmpayane.ane */ = {isa = PBXFileReference; explicitFileType = archive.ar; includeInIndex = 0; path = wmpayane.ane; sourceTree = BUILT_PRODUCTS_DIR; };
		AFF3504F2005B51300807E17 /* DebugwmpayaneAIRApp.app */ = {isa = PBXFileReference; explicitFileType = wrapper.application; includeInIndex = 0; path = DebugwmpayaneAIRApp.app; sourceTree = BUILT_PRODUCTS_DIR; };
		AFF350562005B51300807E17 /* wmpayane-Prefix.pch */ = {isa = PBXFileReference; lastKnownFileType = sourcecode.c.h; path = "wmpayane-Prefix.pch"; sourceTree = "<group>"; };
		AFF350572005B51300807E17 /* wmpayane.h */ = {isa = PBXFileReference; lastKnownFileType = sourcecode.c.h; path = wmpayane.h; sourceTree = "<group>"; };
		AFF350592005B51300807E17 /* wmpayane.m */ = {isa = PBXFileReference; lastKnownFileType = sourcecode.c.objc; path = wmpayane.m; sourceTree = "<group>"; };
		AFF3505B2005B51300807E17 /* extension.xml */ = {isa = PBXFileReference; lastKnownFileType = text.xml; path = extension.xml; sourceTree = "<group>"; };
		AFF3505C2005B51300807E17 /* platformoptions.xml */ = {isa = PBXFileReference; lastKnownFileType = text.xml; path = platformoptions.xml; sourceTree = "<group>"; };
		AFF3505D2005B51300807E17 /* generateANE.sh */ = {isa = PBXFileReference; lastKnownFileType = text.script.sh; path = generateANE.sh; sourceTree = "<group>"; };
		AFF3505E2005B51300807E17 /* debugIPA.sh */ = {isa = PBXFileReference; lastKnownFileType = text.script.sh; path = debugIPA.sh; sourceTree = "<group>"; };
		AFF3506B2005C2A700807E17 /* AlipaySDK.bundle */ = {isa = PBXFileReference; lastKnownFileType = "wrapper.plug-in"; path = AlipaySDK.bundle; sourceTree = "<group>"; };
		AFF350BC2005C2A700807E17 /* APRSASigner.h */ = {isa = PBXFileReference; fileEncoding = 4; lastKnownFileType = sourcecode.c.h; path = APRSASigner.h; sourceTree = "<group>"; };
		AFF350BD2005C2A700807E17 /* APRSASigner.m */ = {isa = PBXFileReference; fileEncoding = 4; lastKnownFileType = sourcecode.c.objc; path = APRSASigner.m; sourceTree = "<group>"; };
		AFF350BE2005C2A700807E17 /* openssl_wrapper.h */ = {isa = PBXFileReference; fileEncoding = 4; lastKnownFileType = sourcecode.c.h; path = openssl_wrapper.h; sourceTree = "<group>"; };
		AFF350BF2005C2A700807E17 /* openssl_wrapper.m */ = {isa = PBXFileReference; fileEncoding = 4; lastKnownFileType = sourcecode.c.objc; path = openssl_wrapper.m; sourceTree = "<group>"; };
		AFF351152005F07D00807E17 /* ANETypeConversion.h */ = {isa = PBXFileReference; fileEncoding = 4; lastKnownFileType = sourcecode.c.h; path = ANETypeConversion.h; sourceTree = "<group>"; };
		AFF351162005F07D00807E17 /* ANETypeConversion.m */ = {isa = PBXFileReference; fileEncoding = 4; lastKnownFileType = sourcecode.c.objc; path = ANETypeConversion.m; sourceTree = "<group>"; };
		AFF3511B2005F67700807E17 /* CoreMotion.framework */ = {isa = PBXFileReference; lastKnownFileType = wrapper.framework; name = CoreMotion.framework; path = System/Library/Frameworks/CoreMotion.framework; sourceTree = SDKROOT; };
		AFF3511D2005F68400807E17 /* CoreTelephony.framework */ = {isa = PBXFileReference; lastKnownFileType = wrapper.framework; name = CoreTelephony.framework; path = System/Library/Frameworks/CoreTelephony.framework; sourceTree = SDKROOT; };
		AFF3511F2005F69300807E17 /* CoreText.framework */ = {isa = PBXFileReference; lastKnownFileType = wrapper.framework; name = CoreText.framework; path = System/Library/Frameworks/CoreText.framework; sourceTree = SDKROOT; };
		AFF351212005F6A200807E17 /* libz.tbd */ = {isa = PBXFileReference; lastKnownFileType = "sourcecode.text-based-dylib-definition"; name = libz.tbd; path = usr/lib/libz.tbd; sourceTree = SDKROOT; };
		AFF351232005F6AD00807E17 /* libc++.tbd */ = {isa = PBXFileReference; lastKnownFileType = "sourcecode.text-based-dylib-definition"; name = "libc++.tbd"; path = "usr/lib/libc++.tbd"; sourceTree = SDKROOT; };
		AFF351412006269F00807E17 /* AlipaySDK.framework */ = {isa = PBXFileReference; lastKnownFileType = wrapper.framework; path = AlipaySDK.framework; sourceTree = "<group>"; };
/* End PBXFileReference section */

/* Begin PBXFrameworksBuildPhase section */
		AFF350262005B51300807E17 /* Frameworks */ = {
			isa = PBXFrameworksBuildPhase;
			buildActionMask = 2147483647;
			files = (
				AFF351202005F69400807E17 /* CoreText.framework in Frameworks */,
				AFF3511E2005F68400807E17 /* CoreTelephony.framework in Frameworks */,
				AFF3511C2005F67800807E17 /* CoreMotion.framework in Frameworks */,
				AFF350432005B51300807E17 /* CoreMedia.framework in Frameworks */,
				AFF350492005B51300807E17 /* Security.framework in Frameworks */,
				AFF3502F2005B51300807E17 /* CoreFoundation.framework in Frameworks */,
				AFF350412005B51300807E17 /* CoreLocation.framework in Frameworks */,
				AFF350332005B51300807E17 /* MobileCoreServices.framework in Frameworks */,
				AFF350452005B51300807E17 /* CoreVideo.framework in Frameworks */,
				AFF3503B2005B51300807E17 /* CFNetwork.framework in Frameworks */,
				AFF350312005B51300807E17 /* UIKit.framework in Frameworks */,
				AFF350352005B51300807E17 /* CoreGraphics.framework in Frameworks */,
				AFF351422006269F00807E17 /* AlipaySDK.framework in Frameworks */,
				AFF3503F2005B51300807E17 /* OpenGLES.framework in Frameworks */,
				AF4010DC20066BEC00A4D004 /* libWeChatSDK.a in Frameworks */,
				AFF350392005B51300807E17 /* AudioToolbox.framework in Frameworks */,
				AFF350372005B51300807E17 /* SystemConfiguration.framework in Frameworks */,
				AFF3502D2005B51300807E17 /* Foundation.framework in Frameworks */,
				AFF350472005B51300807E17 /* AVFoundation.framework in Frameworks */,
				AFF3503D2005B51300807E17 /* QuartzCore.framework in Frameworks */,
			);
			runOnlyForDeploymentPostprocessing = 0;
		};
/* End PBXFrameworksBuildPhase section */

/* Begin PBXGroup section */
		AF4010D620066BEC00A4D004 /* WechatSDK1.8.2 */ = {
			isa = PBXGroup;
			children = (
				AF4010D720066BEC00A4D004 /* libWeChatSDK.a */,
				AF4010D820066BEC00A4D004 /* README.txt */,
				AF4010D920066BEC00A4D004 /* WechatAuthSDK.h */,
				AF4010DA20066BEC00A4D004 /* WXApi.h */,
				AF4010DB20066BEC00A4D004 /* WXApiObject.h */,
			);
			path = WechatSDK1.8.2;
			sourceTree = "<group>";
		};
		AFF350202005B51200807E17 = {
			isa = PBXGroup;
			children = (
				AFF350542005B51300807E17 /* wmpayane */,
				AFF3502B2005B51300807E17 /* Frameworks */,
				AFF3502A2005B51300807E17 /* Products */,
			);
			sourceTree = "<group>";
		};
		AFF3502A2005B51300807E17 /* Products */ = {
			isa = PBXGroup;
			children = (
				AFF350292005B51300807E17 /* libwmpayane.a */,
				AFF3504C2005B51300807E17 /* wmpayane.ane */,
				AFF3504F2005B51300807E17 /* DebugwmpayaneAIRApp.app */,
			);
			name = Products;
			sourceTree = "<group>";
		};
		AFF3502B2005B51300807E17 /* Frameworks */ = {
			isa = PBXGroup;
			children = (
				AFF351232005F6AD00807E17 /* libc++.tbd */,
				AFF351212005F6A200807E17 /* libz.tbd */,
				AFF3511F2005F69300807E17 /* CoreText.framework */,
				AFF3511D2005F68400807E17 /* CoreTelephony.framework */,
				AFF3511B2005F67700807E17 /* CoreMotion.framework */,
				AFF3502C2005B51300807E17 /* Foundation.framework */,
				AFF3502E2005B51300807E17 /* CoreFoundation.framework */,
				AFF350302005B51300807E17 /* UIKit.framework */,
				AFF350322005B51300807E17 /* MobileCoreServices.framework */,
				AFF350342005B51300807E17 /* CoreGraphics.framework */,
				AFF350362005B51300807E17 /* SystemConfiguration.framework */,
				AFF350382005B51300807E17 /* AudioToolbox.framework */,
				AFF3503A2005B51300807E17 /* CFNetwork.framework */,
				AFF3503C2005B51300807E17 /* QuartzCore.framework */,
				AFF3503E2005B51300807E17 /* OpenGLES.framework */,
				AFF350402005B51300807E17 /* CoreLocation.framework */,
				AFF350422005B51300807E17 /* CoreMedia.framework */,
				AFF350442005B51300807E17 /* CoreVideo.framework */,
				AFF350462005B51300807E17 /* AVFoundation.framework */,
				AFF350482005B51300807E17 /* Security.framework */,
			);
			name = Frameworks;
			sourceTree = "<group>";
		};
		AFF350542005B51300807E17 /* wmpayane */ = {
			isa = PBXGroup;
			children = (
				AF4010D620066BEC00A4D004 /* WechatSDK1.8.2 */,
				AFF351122005F07D00807E17 /* ANEHelper */,
				AFF3506A2005C2A700807E17 /* alipay */,
				AFF350572005B51300807E17 /* wmpayane.h */,
				AFF350592005B51300807E17 /* wmpayane.m */,
				AF914F6720075B61006CDBCA /* alipayManager.h */,
				AF914F6820075B61006CDBCA /* alipayManager.m */,
				AF914F6B20075B82006CDBCA /* wxpayManager.h */,
				AF914F6C20075B82006CDBCA /* wxpayManager.m */,
				AF914F6F20075E80006CDBCA /* ANEExtensionFunc.h */,
				AF914F7020075E81006CDBCA /* ANEExtensionFunc.m */,
				AF914F7320076558006CDBCA /* APOrderInfo.h */,
				AF914F7420076558006CDBCA /* APOrderInfo.m */,
				AFF350552005B51300807E17 /* Supporting Files */,
			);
			path = wmpayane;
			sourceTree = "<group>";
		};
		AFF350552005B51300807E17 /* Supporting Files */ = {
			isa = PBXGroup;
			children = (
				AFF350562005B51300807E17 /* wmpayane-Prefix.pch */,
				AFF3505B2005B51300807E17 /* extension.xml */,
				AFF3505C2005B51300807E17 /* platformoptions.xml */,
				AFF3505D2005B51300807E17 /* generateANE.sh */,
				AFF3505E2005B51300807E17 /* debugIPA.sh */,
			);
			name = "Supporting Files";
			sourceTree = "<group>";
		};
		AFF3506A2005C2A700807E17 /* alipay */ = {
			isa = PBXGroup;
			children = (
				AFF351412006269F00807E17 /* AlipaySDK.framework */,
				AFF3506B2005C2A700807E17 /* AlipaySDK.bundle */,
				AFF350BB2005C2A700807E17 /* Utils */,
			);
			path = alipay;
			sourceTree = "<group>";
		};
		AFF350BB2005C2A700807E17 /* Utils */ = {
			isa = PBXGroup;
			children = (
				AFF350BC2005C2A700807E17 /* APRSASigner.h */,
				AFF350BD2005C2A700807E17 /* APRSASigner.m */,
				AFF350BE2005C2A700807E17 /* openssl_wrapper.h */,
				AFF350BF2005C2A700807E17 /* openssl_wrapper.m */,
			);
			path = Utils;
			sourceTree = "<group>";
		};
		AFF351122005F07D00807E17 /* ANEHelper */ = {
			isa = PBXGroup;
			children = (
				AFF351152005F07D00807E17 /* ANETypeConversion.h */,
				AFF351162005F07D00807E17 /* ANETypeConversion.m */,
			);
			path = ANEHelper;
			sourceTree = "<group>";
		};
/* End PBXGroup section */

/* Begin PBXHeadersBuildPhase section */
		AFF350272005B51300807E17 /* Headers */ = {
			isa = PBXHeadersBuildPhase;
			buildActionMask = 2147483647;
			files = (
				AF914F6D20075B82006CDBCA /* wxpayManager.h in Headers */,
				AF914F6920075B61006CDBCA /* alipayManager.h in Headers */,
				AFF351192005F07D00807E17 /* ANETypeConversion.h in Headers */,
				AFF3510E2005C2A700807E17 /* APRSASigner.h in Headers */,
				AF4010DE20066BEC00A4D004 /* WXApi.h in Headers */,
				AF914F7520076559006CDBCA /* APOrderInfo.h in Headers */,
				AF4010DF20066BEC00A4D004 /* WXApiObject.h in Headers */,
				AFF351102005C2A700807E17 /* openssl_wrapper.h in Headers */,
				AFF350582005B51300807E17 /* wmpayane.h in Headers */,
				AF4010DD20066BEC00A4D004 /* WechatAuthSDK.h in Headers */,
				AF914F7120075E81006CDBCA /* ANEExtensionFunc.h in Headers */,
			);
			runOnlyForDeploymentPostprocessing = 0;
		};
/* End PBXHeadersBuildPhase section */

/* Begin PBXNativeTarget section */
		AFF350282005B51300807E17 /* wmpayane */ = {
			isa = PBXNativeTarget;
			buildConfigurationList = AFF350612005B51300807E17 /* Build configuration list for PBXNativeTarget "wmpayane" */;
			buildPhases = (
				AFF350252005B51300807E17 /* Sources */,
				AFF350262005B51300807E17 /* Frameworks */,
				AFF350272005B51300807E17 /* Headers */,
			);
			buildRules = (
			);
			dependencies = (
			);
			name = wmpayane;
			productName = wmpayane;
			productReference = AFF350292005B51300807E17 /* libwmpayane.a */;
			productType = "com.apple.product-type.library.static";
		};
		AFF3504B2005B51300807E17 /* wmpayane.ane */ = {
			isa = PBXNativeTarget;
			buildConfigurationList = AFF350642005B51300807E17 /* Build configuration list for PBXNativeTarget "wmpayane.ane" */;
			buildPhases = (
				AFF3504A2005B51300807E17 /* ShellScript */,
			);
			buildRules = (
			);
			dependencies = (
				AFF350512005B51300807E17 /* PBXTargetDependency */,
			);
			name = wmpayane.ane;
			productName = wmpayane.ane;
			productReference = AFF3504C2005B51300807E17 /* wmpayane.ane */;
			productType = "com.apple.product-type.library.static";
		};
		AFF3504E2005B51300807E17 /* DebugwmpayaneAIRApp */ = {
			isa = PBXNativeTarget;
			buildConfigurationList = AFF350672005B51300807E17 /* Build configuration list for PBXNativeTarget "DebugwmpayaneAIRApp" */;
			buildPhases = (
				AFF3504D2005B51300807E17 /* ShellScript */,
			);
			buildRules = (
			);
			dependencies = (
				AFF350532005B51300807E17 /* PBXTargetDependency */,
			);
			name = DebugwmpayaneAIRApp;
			productName = DebugwmpayaneAIRApp;
			productReference = AFF3504F2005B51300807E17 /* DebugwmpayaneAIRApp.app */;
			productType = "com.apple.product-type.application";
		};
/* End PBXNativeTarget section */

/* Begin PBXProject section */
		AFF350212005B51200807E17 /* Project object */ = {
			isa = PBXProject;
			attributes = {
				LastUpgradeCheck = 0920;
				TargetAttributes = {
					AFF350282005B51300807E17 = {
						CreatedOnToolsVersion = 9.2;
						ProvisioningStyle = Automatic;
					};
					AFF3504B2005B51300807E17 = {
						CreatedOnToolsVersion = 9.2;
						ProvisioningStyle = Automatic;
					};
					AFF3504E2005B51300807E17 = {
						CreatedOnToolsVersion = 9.2;
						ProvisioningStyle = Automatic;
					};
				};
			};
			buildConfigurationList = AFF350242005B51200807E17 /* Build configuration list for PBXProject "wmpayane" */;
			compatibilityVersion = "Xcode 8.0";
			developmentRegion = en;
			hasScannedForEncodings = 0;
			knownRegions = (
				en,
			);
			mainGroup = AFF350202005B51200807E17;
			productRefGroup = AFF3502A2005B51300807E17 /* Products */;
			projectDirPath = "";
			projectRoot = "";
			targets = (
				AFF350282005B51300807E17 /* wmpayane */,
				AFF3504B2005B51300807E17 /* wmpayane.ane */,
				AFF3504E2005B51300807E17 /* DebugwmpayaneAIRApp */,
			);
		};
/* End PBXProject section */

/* Begin PBXShellScriptBuildPhase section */
		AFF3504A2005B51300807E17 /* ShellScript */ = {
			isa = PBXShellScriptBuildPhase;
			buildActionMask = 2147483647;
			files = (
			);
			inputPaths = (
			);
			outputPaths = (
			);
			runOnlyForDeploymentPostprocessing = 0;
			shellPath = /bin/bash;
			shellScript = "\n\t\t\t\t\t\t\t\tchmod 755 \"$PROJECT_DIR/$PROJECT_NAME/generateANE.sh\"\n\t\t\t\t\t\t\t\t\"$PROJECT_DIR/$PROJECT_NAME/generateANE.sh\"\n\t\t\t\t\t";
		};
		AFF3504D2005B51300807E17 /* ShellScript */ = {
			isa = PBXShellScriptBuildPhase;
			buildActionMask = 2147483647;
			files = (
			);
			inputPaths = (
			);
			outputPaths = (
			);
			runOnlyForDeploymentPostprocessing = 0;
			shellPath = /bin/bash;
			shellScript = "\n\t\t\t\t\t\t\t\tchmod 755 \"$PROJECT_DIR/$PROJECT_NAME/debugIPA.sh\"\n\t\t\t\t\t\t\t\t\"$PROJECT_DIR/$PROJECT_NAME/debugIPA.sh\"\n";
		};
/* End PBXShellScriptBuildPhase section */

/* Begin PBXSourcesBuildPhase section */
		AFF350252005B51300807E17 /* Sources */ = {
			isa = PBXSourcesBuildPhase;
			buildActionMask = 2147483647;
			files = (
				AFF3511A2005F07D00807E17 /* ANETypeConversion.m in Sources */,
				AF914F7620076559006CDBCA /* APOrderInfo.m in Sources */,
				AF914F6E20075B82006CDBCA /* wxpayManager.m in Sources */,
				AFF3505A2005B51300807E17 /* wmpayane.m in Sources */,
				AFF3510F2005C2A700807E17 /* APRSASigner.m in Sources */,
				AF914F6A20075B61006CDBCA /* alipayManager.m in Sources */,
				AF914F7220075E81006CDBCA /* ANEExtensionFunc.m in Sources */,
				AFF351112005C2A700807E17 /* openssl_wrapper.m in Sources */,
			);
			runOnlyForDeploymentPostprocessing = 0;
		};
/* End PBXSourcesBuildPhase section */

/* Begin PBXTargetDependency section */
		AFF350512005B51300807E17 /* PBXTargetDependency */ = {
			isa = PBXTargetDependency;
			target = AFF350282005B51300807E17 /* wmpayane */;
			targetProxy = AFF350502005B51300807E17 /* PBXContainerItemProxy */;
		};
		AFF350532005B51300807E17 /* PBXTargetDependency */ = {
			isa = PBXTargetDependency;
			target = AFF3504B2005B51300807E17 /* wmpayane.ane */;
			targetProxy = AFF350522005B51300807E17 /* PBXContainerItemProxy */;
		};
/* End PBXTargetDependency section */

/* Begin XCBuildConfiguration section */
		AFF3505F2005B51300807E17 /* Debug */ = {
			isa = XCBuildConfiguration;
			buildSettings = {
				ALWAYS_SEARCH_USER_PATHS = NO;
				ARCHS = "$(ARCHS_STANDARD_32_BIT)";
				CLANG_ENABLE_OBJC_ARC = NO;
				"CODE_SIGN_IDENTITY[sdk=iphoneos*]" = "iPhone Developer";
				COPY_PHASE_STRIP = NO;
				GCC_C_LANGUAGE_STANDARD = gnu99;
				GCC_DYNAMIC_NO_PIC = NO;
				GCC_ENABLE_CPP_EXCEPTIONS = NO;
				GCC_ENABLE_OBJC_EXCEPTIONS = NO;
				GCC_OPTIMIZATION_LEVEL = 0;
				GCC_PREPROCESSOR_DEFINITIONS = (
					"DEBUG=1",
					"$(inherited)",
				);
				GCC_SYMBOLS_PRIVATE_EXTERN = NO;
				GCC_VERSION = com.apple.compilers.llvmgcc42;
				GCC_WARN_ABOUT_MISSING_PROTOTYPES = YES;
				GCC_WARN_ABOUT_RETURN_TYPE = YES;
				GCC_WARN_UNUSED_VARIABLE = YES;
				IPHONEOS_DEPLOYMENT_TARGET = 11.2;
				SDKROOT = iphoneos;
				USER_HEADER_SEARCH_PATHS = "/Users/wuyj/youjian.wu/common-lib/AIRSDK/include/";
			};
			name = Debug;
		};
		AFF350602005B51300807E17 /* Release */ = {
			isa = XCBuildConfiguration;
			buildSettings = {
				ALWAYS_SEARCH_USER_PATHS = NO;
				ARCHS = "$(ARCHS_STANDARD_32_BIT)";
				CLANG_ENABLE_OBJC_ARC = NO;
				"CODE_SIGN_IDENTITY[sdk=iphoneos*]" = "iPhone Developer";
				COPY_PHASE_STRIP = YES;
				GCC_C_LANGUAGE_STANDARD = gnu99;
				GCC_ENABLE_CPP_EXCEPTIONS = NO;
				GCC_ENABLE_OBJC_EXCEPTIONS = NO;
				GCC_VERSION = com.apple.compilers.llvmgcc42;
				GCC_WARN_ABOUT_MISSING_PROTOTYPES = YES;
				GCC_WARN_ABOUT_RETURN_TYPE = YES;
				GCC_WARN_UNUSED_VARIABLE = YES;
				IPHONEOS_DEPLOYMENT_TARGET = 11.2;
				SDKROOT = iphoneos;
				USER_HEADER_SEARCH_PATHS = "/Users/wuyj/youjian.wu/common-lib/AIRSDK/include/";
				VALIDATE_PRODUCT = YES;
			};
			name = Release;
		};
		AFF350622005B51300807E17 /* Debug */ = {
			isa = XCBuildConfiguration;
			buildSettings = {
				CLANG_CXX_LANGUAGE_STANDARD = "gnu++14";
				CLANG_CXX_LIBRARY = "libc++";
				CODE_SIGN_STYLE = Automatic;
				DEVELOPMENT_TEAM = 7DUX67X748;
				DSTROOT = /tmp/wmpayane.dst;
				FRAMEWORK_SEARCH_PATHS = (
					"$(inherited)",
					"$(PROJECT_DIR)/wmpayane/alipay",
					"$(PROJECT_DIR)",
				);
				GCC_C_LANGUAGE_STANDARD = gnu11;
				GCC_ENABLE_CPP_EXCEPTIONS = YES;
				GCC_PRECOMPILE_PREFIX_HEADER = YES;
				GCC_PREFIX_HEADER = "wmpayane/wmpayane-Prefix.pch";
				GCC_VERSION = "";
				HEADER_SEARCH_PATHS = (
					"$(PROJECT_DIR)/wmpayane/alipay",
					"$(PROJECT_DIR)/wmpayane/alipay/openssl",
				);
				IPHONEOS_DEPLOYMENT_TARGET = 8.0;
				LIBRARY_SEARCH_PATHS = (
					"$(inherited)",
					"$(PROJECT_DIR)/wmpayane/alipay",
					"$(PROJECT_DIR)",
					"$(PROJECT_DIR)/wmpayane/WechatSDK1.8.2",
				);
				OTHER_LDFLAGS = (
					"-Objc",
					"-lz",
				);
				PRODUCT_NAME = "$(TARGET_NAME)";
				SKIP_INSTALL = YES;
			};
			name = Debug;
		};
		AFF350632005B51300807E17 /* Release */ = {
			isa = XCBuildConfiguration;
			buildSettings = {
				CLANG_CXX_LANGUAGE_STANDARD = "gnu++14";
				CLANG_CXX_LIBRARY = "libc++";
				CODE_SIGN_STYLE = Automatic;
				DEVELOPMENT_TEAM = 7DUX67X748;
				DSTROOT = /tmp/wmpayane.dst;
				FRAMEWORK_SEARCH_PATHS = (
					"$(inherited)",
					"$(PROJECT_DIR)/wmpayane/alipay",
					"$(PROJECT_DIR)",
				);
				GCC_C_LANGUAGE_STANDARD = gnu11;
				GCC_ENABLE_CPP_EXCEPTIONS = YES;
				GCC_PRECOMPILE_PREFIX_HEADER = YES;
				GCC_PREFIX_HEADER = "wmpayane/wmpayane-Prefix.pch";
				GCC_VERSION = "";
				HEADER_SEARCH_PATHS = (
					"$(PROJECT_DIR)/wmpayane/alipay",
					"$(PROJECT_DIR)/wmpayane/alipay/openssl",
				);
				IPHONEOS_DEPLOYMENT_TARGET = 8.0;
				LIBRARY_SEARCH_PATHS = (
					"$(inherited)",
					"$(PROJECT_DIR)/wmpayane/alipay",
					"$(PROJECT_DIR)",
					"$(PROJECT_DIR)/wmpayane/WechatSDK1.8.2",
				);
				OTHER_LDFLAGS = (
					"-Objc",
					"-lz",
				);
				PRODUCT_NAME = "$(TARGET_NAME)";
				SKIP_INSTALL = YES;
			};
			name = Release;
		};
		AFF350652005B51300807E17 /* Debug */ = {
			isa = XCBuildConfiguration;
			buildSettings = {
				AIR_SDK_PATH = "/Users/wuyj/youjian.wu/common-lib/AIRSDK";
				CODE_SIGN_STYLE = Automatic;
				DEVELOPMENT_TEAM = 7DUX67X748;
				EXECUTABLE_EXTENSION = ane;
				EXECUTABLE_PREFIX = "";
				GCC_VERSION = "";
				IPHONEOS_DEPLOYMENT_TARGET = 8.0;
				NATIVEEXTENSION_SWC = /;
				OTHER_LDFLAGS = (
					"-Objc",
					"-lz",
				);
				PRODUCT_NAME = wmpayane;
			};
			name = Debug;
		};
		AFF350662005B51300807E17 /* Release */ = {
			isa = XCBuildConfiguration;
			buildSettings = {
				AIR_SDK_PATH = "/Users/wuyj/youjian.wu/common-lib/AIRSDK";
				CODE_SIGN_STYLE = Automatic;
				DEVELOPMENT_TEAM = 7DUX67X748;
				EXECUTABLE_EXTENSION = ane;
				EXECUTABLE_PREFIX = "";
				GCC_VERSION = "";
				IPHONEOS_DEPLOYMENT_TARGET = 8.0;
				NATIVEEXTENSION_SWC = /;
				OTHER_LDFLAGS = (
					"-Objc",
					"-lz",
				);
				PRODUCT_NAME = wmpayane;
			};
			name = Release;
		};
		AFF350682005B51300807E17 /* Debug */ = {
			isa = XCBuildConfiguration;
			buildSettings = {
				AIR_SDK_PATH = "/Users/wuyj/youjian.wu/common-lib/AIRSDK";
				CODE_SIGN_STYLE = Automatic;
				DEVELOPMENT_TEAM = 7DUX67X748;
				GCC_VERSION = "";
				NATIVEEXTENSION_SWC = /;
				PRODUCT_NAME = DebugwmpayaneAIRApp;
			};
			name = Debug;
		};
		AFF350692005B51300807E17 /* Release */ = {
			isa = XCBuildConfiguration;
			buildSettings = {
				AIR_SDK_PATH = "/Users/wuyj/youjian.wu/common-lib/AIRSDK";
				CODE_SIGN_STYLE = Automatic;
				DEVELOPMENT_TEAM = 7DUX67X748;
				GCC_VERSION = "";
				NATIVEEXTENSION_SWC = /;
				PRODUCT_NAME = DebugwmpayaneAIRApp;
			};
			name = Release;
		};
/* End XCBuildConfiguration section */

/* Begin XCConfigurationList section */
		AFF350242005B51200807E17 /* Build configuration list for PBXProject "wmpayane" */ = {
			isa = XCConfigurationList;
			buildConfigurations = (
				AFF3505F2005B51300807E17 /* Debug */,
				AFF350602005B51300807E17 /* Release */,
			);
			defaultConfigurationIsVisible = 0;
			defaultConfigurationName = Release;
		};
		AFF350612005B51300807E17 /* Build configuration list for PBXNativeTarget "wmpayane" */ = {
			isa = XCConfigurationList;
			buildConfigurations = (
				AFF350622005B51300807E17 /* Debug */,
				AFF350632005B51300807E17 /* Release */,
			);
			defaultConfigurationIsVisible = 0;
			defaultConfigurationName = Release;
		};
		AFF350642005B51300807E17 /* Build configuration list for PBXNativeTarget "wmpayane.ane" */ = {
			isa = XCConfigurationList;
			buildConfigurations = (
				AFF350652005B51300807E17 /* Debug */,
				AFF350662005B51300807E17 /* Release */,
			);
			defaultConfigurationIsVisible = 0;
			defaultConfigurationName = Release;
		};
		AFF350672005B51300807E17 /* Build configuration list for PBXNativeTarget "DebugwmpayaneAIRApp" */ = {
			isa = XCConfigurationList;
			buildConfigurations = (
				AFF350682005B51300807E17 /* Debug */,
				AFF350692005B51300807E17 /* Release */,
			);
			defaultConfigurationIsVisible = 0;
			defaultConfigurationName = Release;
		};
/* End XCConfigurationList section */
	};
	rootObject = AFF350212005B51200807E17 /* Project object */;
}
