// !$*UTF8*$!
{
	archiveVersion = 1;
	classes = {
	};
	objectVersion = 48;
	objects = {

/* Begin PBXBuildFile section */
		AF4010DC20066BEC00A4D004 /* libWeChatSDK.a in Frameworks */ = {isa = PBXBuildFile; fileRef = AF4010D720066BEC00A4D004 /* libWeChatSDK.a */; };
		AF4010DD20066BEC00A4D004 /* WechatAuthSDK.h in Headers */ = {isa = PBXBuildFile; fileRef = AF4010D920066BEC00A4D004 /* WechatAuthSDK.h */; };
		AF4010DE20066BEC00A4D004 /* WXApi.h in Headers */ = {isa = PBXBuildFile; fileRef = AF4010DA20066BEC00A4D004 /* WXApi.h */; };
		AF4010DF20066BEC00A4D004 /* WXApiObject.h in Headers */ = {isa = PBXBuildFile; fileRef = AF4010DB20066BEC00A4D004 /* WXApiObject.h */; };
		AF760E2D200B460400F869B1 /* TencentOpenAPI.framework in Frameworks */ = {isa = PBXBuildFile; fileRef = AF760E1E200B460400F869B1 /* TencentOpenAPI.framework */; };
		AF760E2E200B460400F869B1 /* AIActionSheet.h in Headers */ = {isa = PBXBuildFile; fileRef = AF760E23200B460400F869B1 /* AIActionSheet.h */; };
		AF760E2F200B460400F869B1 /* AIActionSheet.m in Sources */ = {isa = PBXBuildFile; fileRef = AF760E24200B460400F869B1 /* AIActionSheet.m */; };
		AF760E34200B460400F869B1 /* SharedDataModel.h in Headers */ = {isa = PBXBuildFile; fileRef = AF760E29200B460400F869B1 /* SharedDataModel.h */; };
		AF760E35200B460400F869B1 /* SharedDataModel.m in Sources */ = {isa = PBXBuildFile; fileRef = AF760E2A200B460400F869B1 /* SharedDataModel.m */; };
		AF760E36200B460400F869B1 /* SharedManager.h in Headers */ = {isa = PBXBuildFile; fileRef = AF760E2B200B460400F869B1 /* SharedManager.h */; };
		AF760E37200B460400F869B1 /* SharedManager.m in Sources */ = {isa = PBXBuildFile; fileRef = AF760E2C200B460400F869B1 /* SharedManager.m */; };
		AF914F6920075B61006CDBCA /* AliPayManager.h in Headers */ = {isa = PBXBuildFile; fileRef = AF914F6720075B61006CDBCA /* AliPayManager.h */; };
		AF914F6A20075B61006CDBCA /* AliPayManager.m in Sources */ = {isa = PBXBuildFile; fileRef = AF914F6820075B61006CDBCA /* AliPayManager.m */; };
		AF914F6D20075B82006CDBCA /* WXPayManager.h in Headers */ = {isa = PBXBuildFile; fileRef = AF914F6B20075B82006CDBCA /* WXPayManager.h */; };
		AF914F6E20075B82006CDBCA /* WXPayManager.m in Sources */ = {isa = PBXBuildFile; fileRef = AF914F6C20075B82006CDBCA /* WXPayManager.m */; };
		AF914F7120075E81006CDBCA /* ANEExtensionFunc.h in Headers */ = {isa = PBXBuildFile; fileRef = AF914F6F20075E80006CDBCA /* ANEExtensionFunc.h */; };
		AF914F7220075E81006CDBCA /* ANEExtensionFunc.m in Sources */ = {isa = PBXBuildFile; fileRef = AF914F7020075E81006CDBCA /* ANEExtensionFunc.m */; };
		AFAC00B220B866CD005530D2 /* MediaPlayer.framework in Frameworks */ = {isa = PBXBuildFile; fileRef = AFAC00B120B866CD005530D2 /* MediaPlayer.framework */; };
		AFAC00B420B866D7005530D2 /* AVKit.framework in Frameworks */ = {isa = PBXBuildFile; fileRef = AFAC00B320B866D7005530D2 /* AVKit.framework */; };
		AFD5C81020B96278003809A6 /* AIAppHook2Pay.h in Headers */ = {isa = PBXBuildFile; fileRef = AFD5C80E20B96278003809A6 /* AIAppHook2Pay.h */; };
		AFD5C81120B96278003809A6 /* AIAppHook2Pay.m in Sources */ = {isa = PBXBuildFile; fileRef = AFD5C80F20B96278003809A6 /* AIAppHook2Pay.m */; };
		AFE6AB48201CD36100A2A03D /* NSData+Crypto.m in Sources */ = {isa = PBXBuildFile; fileRef = AFE6AB46201CD36000A2A03D /* NSData+Crypto.m */; };
		AFE6AB49201CD36100A2A03D /* NSData+Crypto.h in Headers */ = {isa = PBXBuildFile; fileRef = AFE6AB47201CD36100A2A03D /* NSData+Crypto.h */; };
		AFE6AB4C201CD62700A2A03D /* AESEncrypt.h in Headers */ = {isa = PBXBuildFile; fileRef = AFE6AB4A201CD62700A2A03D /* AESEncrypt.h */; };
		AFE6AB4D201CD62700A2A03D /* AESEncrypt.m in Sources */ = {isa = PBXBuildFile; fileRef = AFE6AB4B201CD62700A2A03D /* AESEncrypt.m */; };
		AFF3502D2005B51300807E17 /* Foundation.framework in Frameworks */ = {isa = PBXBuildFile; fileRef = AFF3502C2005B51300807E17 /* Foundation.framework */; };
		AFF3502F2005B51300807E17 /* CoreFoundation.framework in Frameworks */ = {isa = PBXBuildFile; fileRef = AFF3502E2005B51300807E17 /* CoreFoundation.framework */; };
		AFF350312005B51300807E17 /* UIKit.framework in Frameworks */ = {isa = PBXBuildFile; fileRef = AFF350302005B51300807E17 /* UIKit.framework */; };
		AFF350332005B51300807E17 /* MobileCoreServices.framework in Frameworks */ = {isa = PBXBuildFile; fileRef = AFF350322005B51300807E17 /* MobileCoreServices.framework */; };
		AFF350352005B51300807E17 /* CoreGraphics.framework in Frameworks */ = {isa = PBXBuildFile; fileRef = AFF350342005B51300807E17 /* CoreGraphics.framework */; };
		AFF350372005B51300807E17 /* SystemConfiguration.framework in Frameworks */ = {isa = PBXBuildFile; fileRef = AFF350362005B51300807E17 /* SystemConfiguration.framework */; };
		AFF350392005B51300807E17 /* AudioToolbox.framework in Frameworks */ = {isa = PBXBuildFile; fileRef = AFF350382005B51300807E17 /* AudioToolbox.framework */; };
		AFF3503B2005B51300807E17 /* CFNetwork.framework in Frameworks */ = {isa = PBXBuildFile; fileRef = AFF3503A2005B51300807E17 /* CFNetwork.framework */; };
		AFF3503D2005B51300807E17 /* QuartzCore.framework in Frameworks */ = {isa = PBXBuildFile; fileRef = AFF3503C2005B51300807E17 /* QuartzCore.framework */; };
		AFF3503F2005B51300807E17 /* OpenGLES.framework in Frameworks */ = {isa = PBXBuildFile; fileRef = AFF3503E2005B51300807E17 /* OpenGLES.framework */; };
		AFF350412005B51300807E17 /* CoreLocation.framework in Frameworks */ = {isa = PBXBuildFile; fileRef = AFF350402005B51300807E17 /* CoreLocation.framework */; };
		AFF350432005B51300807E17 /* CoreMedia.framework in Frameworks */ = {isa = PBXBuildFile; fileRef = AFF350422005B51300807E17 /* CoreMedia.framework */; };
		AFF350452005B51300807E17 /* CoreVideo.framework in Frameworks */ = {isa = PBXBuildFile; fileRef = AFF350442005B51300807E17 /* CoreVideo.framework */; };
		AFF350472005B51300807E17 /* AVFoundation.framework in Frameworks */ = {isa = PBXBuildFile; fileRef = AFF350462005B51300807E17 /* AVFoundation.framework */; };
		AFF350492005B51300807E17 /* Security.framework in Frameworks */ = {isa = PBXBuildFile; fileRef = AFF350482005B51300807E17 /* Security.framework */; };
		AFF350582005B51300807E17 /* wmane.h in Headers */ = {isa = PBXBuildFile; fileRef = AFF350572005B51300807E17 /* wmane.h */; };
		AFF3505A2005B51300807E17 /* wmane.m in Sources */ = {isa = PBXBuildFile; fileRef = AFF350592005B51300807E17 /* wmane.m */; };
		AFF351192005F07D00807E17 /* ANETypeConversion.h in Headers */ = {isa = PBXBuildFile; fileRef = AFF351152005F07D00807E17 /* ANETypeConversion.h */; };
		AFF3511A2005F07D00807E17 /* ANETypeConversion.m in Sources */ = {isa = PBXBuildFile; fileRef = AFF351162005F07D00807E17 /* ANETypeConversion.m */; };
		AFF3511C2005F67800807E17 /* CoreMotion.framework in Frameworks */ = {isa = PBXBuildFile; fileRef = AFF3511B2005F67700807E17 /* CoreMotion.framework */; };
		AFF3511E2005F68400807E17 /* CoreTelephony.framework in Frameworks */ = {isa = PBXBuildFile; fileRef = AFF3511D2005F68400807E17 /* CoreTelephony.framework */; };
		AFF351202005F69400807E17 /* CoreText.framework in Frameworks */ = {isa = PBXBuildFile; fileRef = AFF3511F2005F69300807E17 /* CoreText.framework */; };
		AFF351422006269F00807E17 /* AlipaySDK.framework in Frameworks */ = {isa = PBXBuildFile; fileRef = AFF351412006269F00807E17 /* AlipaySDK.framework */; };
/* End PBXBuildFile section */

/* Begin PBXContainerItemProxy section */
		AFF350502005B51300807E17 /* PBXContainerItemProxy */ = {
			isa = PBXContainerItemProxy;
			containerPortal = AFF350212005B51200807E17 /* Project object */;
			proxyType = 1;
			remoteGlobalIDString = AFF350282005B51300807E17;
			remoteInfo = wmane;
		};
/* End PBXContainerItemProxy section */

/* Begin PBXFileReference section */
		AF0E8B452009DC05002795C7 /* PayConstant.h */ = {isa = PBXFileReference; lastKnownFileType = sourcecode.c.h; path = PayConstant.h; sourceTree = "<group>"; };
		AF4010D720066BEC00A4D004 /* libWeChatSDK.a */ = {isa = PBXFileReference; lastKnownFileType = archive.ar; path = libWeChatSDK.a; sourceTree = "<group>"; };
		AF4010D820066BEC00A4D004 /* README.txt */ = {isa = PBXFileReference; fileEncoding = 4; lastKnownFileType = text; path = README.txt; sourceTree = "<group>"; };
		AF4010D920066BEC00A4D004 /* WechatAuthSDK.h */ = {isa = PBXFileReference; fileEncoding = 4; lastKnownFileType = sourcecode.c.h; path = WechatAuthSDK.h; sourceTree = "<group>"; };
		AF4010DA20066BEC00A4D004 /* WXApi.h */ = {isa = PBXFileReference; fileEncoding = 4; lastKnownFileType = sourcecode.c.h; path = WXApi.h; sourceTree = "<group>"; };
		AF4010DB20066BEC00A4D004 /* WXApiObject.h */ = {isa = PBXFileReference; fileEncoding = 4; lastKnownFileType = sourcecode.c.h; path = WXApiObject.h; sourceTree = "<group>"; };
		AF760E1E200B460400F869B1 /* TencentOpenAPI.framework */ = {isa = PBXFileReference; lastKnownFileType = wrapper.framework; path = TencentOpenAPI.framework; sourceTree = "<group>"; };
		AF760E1F200B460400F869B1 /* TencentOpenApi_IOS_Bundle.bundle */ = {isa = PBXFileReference; lastKnownFileType = "wrapper.plug-in"; path = TencentOpenApi_IOS_Bundle.bundle; sourceTree = "<group>"; };
		AF760E21200B460400F869B1 /* SharedUI.bundle */ = {isa = PBXFileReference; lastKnownFileType = "wrapper.plug-in"; path = SharedUI.bundle; sourceTree = "<group>"; };
		AF760E23200B460400F869B1 /* AIActionSheet.h */ = {isa = PBXFileReference; fileEncoding = 4; lastKnownFileType = sourcecode.c.h; path = AIActionSheet.h; sourceTree = "<group>"; };
		AF760E24200B460400F869B1 /* AIActionSheet.m */ = {isa = PBXFileReference; fileEncoding = 4; lastKnownFileType = sourcecode.c.objc; path = AIActionSheet.m; sourceTree = "<group>"; };
		AF760E29200B460400F869B1 /* SharedDataModel.h */ = {isa = PBXFileReference; fileEncoding = 4; lastKnownFileType = sourcecode.c.h; path = SharedDataModel.h; sourceTree = "<group>"; };
		AF760E2A200B460400F869B1 /* SharedDataModel.m */ = {isa = PBXFileReference; fileEncoding = 4; lastKnownFileType = sourcecode.c.objc; path = SharedDataModel.m; sourceTree = "<group>"; };
		AF760E2B200B460400F869B1 /* SharedManager.h */ = {isa = PBXFileReference; fileEncoding = 4; lastKnownFileType = sourcecode.c.h; path = SharedManager.h; sourceTree = "<group>"; };
		AF760E2C200B460400F869B1 /* SharedManager.m */ = {isa = PBXFileReference; fileEncoding = 4; lastKnownFileType = sourcecode.c.objc; path = SharedManager.m; sourceTree = "<group>"; };
		AF914F6720075B61006CDBCA /* AliPayManager.h */ = {isa = PBXFileReference; lastKnownFileType = sourcecode.c.h; path = AliPayManager.h; sourceTree = "<group>"; };
		AF914F6820075B61006CDBCA /* AliPayManager.m */ = {isa = PBXFileReference; lastKnownFileType = sourcecode.c.objc; path = AliPayManager.m; sourceTree = "<group>"; };
		AF914F6B20075B82006CDBCA /* WXPayManager.h */ = {isa = PBXFileReference; lastKnownFileType = sourcecode.c.h; path = WXPayManager.h; sourceTree = "<group>"; };
		AF914F6C20075B82006CDBCA /* WXPayManager.m */ = {isa = PBXFileReference; lastKnownFileType = sourcecode.c.objc; path = WXPayManager.m; sourceTree = "<group>"; };
		AF914F6F20075E80006CDBCA /* ANEExtensionFunc.h */ = {isa = PBXFileReference; fileEncoding = 4; lastKnownFileType = sourcecode.c.h; path = ANEExtensionFunc.h; sourceTree = "<group>"; };
		AF914F7020075E81006CDBCA /* ANEExtensionFunc.m */ = {isa = PBXFileReference; fileEncoding = 4; lastKnownFileType = sourcecode.c.objc; path = ANEExtensionFunc.m; sourceTree = "<group>"; };
		AFAC00B120B866CD005530D2 /* MediaPlayer.framework */ = {isa = PBXFileReference; lastKnownFileType = wrapper.framework; name = MediaPlayer.framework; path = System/Library/Frameworks/MediaPlayer.framework; sourceTree = SDKROOT; };
		AFAC00B320B866D7005530D2 /* AVKit.framework */ = {isa = PBXFileReference; lastKnownFileType = wrapper.framework; name = AVKit.framework; path = System/Library/Frameworks/AVKit.framework; sourceTree = SDKROOT; };
		AFD5C80A20B90E77003809A6 /* libcrypto.a */ = {isa = PBXFileReference; lastKnownFileType = archive.ar; name = libcrypto.a; path = wmane/alipay/libcrypto.a; sourceTree = "<group>"; };
		AFD5C80B20B90E78003809A6 /* libssl.a */ = {isa = PBXFileReference; lastKnownFileType = archive.ar; name = libssl.a; path = wmane/alipay/libssl.a; sourceTree = "<group>"; };
		AFD5C80E20B96278003809A6 /* AIAppHook2Pay.h */ = {isa = PBXFileReference; fileEncoding = 4; lastKnownFileType = sourcecode.c.h; path = AIAppHook2Pay.h; sourceTree = "<group>"; };
		AFD5C80F20B96278003809A6 /* AIAppHook2Pay.m */ = {isa = PBXFileReference; fileEncoding = 4; lastKnownFileType = sourcecode.c.objc; path = AIAppHook2Pay.m; sourceTree = "<group>"; };
		AFE6AB46201CD36000A2A03D /* NSData+Crypto.m */ = {isa = PBXFileReference; fileEncoding = 4; lastKnownFileType = sourcecode.c.objc; path = "NSData+Crypto.m"; sourceTree = "<group>"; };
		AFE6AB47201CD36100A2A03D /* NSData+Crypto.h */ = {isa = PBXFileReference; fileEncoding = 4; lastKnownFileType = sourcecode.c.h; path = "NSData+Crypto.h"; sourceTree = "<group>"; };
		AFE6AB4A201CD62700A2A03D /* AESEncrypt.h */ = {isa = PBXFileReference; lastKnownFileType = sourcecode.c.h; path = AESEncrypt.h; sourceTree = "<group>"; };
		AFE6AB4B201CD62700A2A03D /* AESEncrypt.m */ = {isa = PBXFileReference; lastKnownFileType = sourcecode.c.objc; path = AESEncrypt.m; sourceTree = "<group>"; };
		AFF350292005B51300807E17 /* libwmane.a */ = {isa = PBXFileReference; explicitFileType = archive.ar; includeInIndex = 0; path = libwmane.a; sourceTree = BUILT_PRODUCTS_DIR; };
		AFF3502C2005B51300807E17 /* Foundation.framework */ = {isa = PBXFileReference; lastKnownFileType = wrapper.framework; name = Foundation.framework; path = System/Library/Frameworks/Foundation.framework; sourceTree = SDKROOT; };
		AFF3502E2005B51300807E17 /* CoreFoundation.framework */ = {isa = PBXFileReference; lastKnownFileType = wrapper.framework; name = CoreFoundation.framework; path = System/Library/Frameworks/CoreFoundation.framework; sourceTree = SDKROOT; };
		AFF350302005B51300807E17 /* UIKit.framework */ = {isa = PBXFileReference; lastKnownFileType = wrapper.framework; name = UIKit.framework; path = System/Library/Frameworks/UIKit.framework; sourceTree = SDKROOT; };
		AFF350322005B51300807E17 /* MobileCoreServices.framework */ = {isa = PBXFileReference; lastKnownFileType = wrapper.framework; name = MobileCoreServices.framework; path = System/Library/Frameworks/MobileCoreServices.framework; sourceTree = SDKROOT; };
		AFF350342005B51300807E17 /* CoreGraphics.framework */ = {isa = PBXFileReference; lastKnownFileType = wrapper.framework; name = CoreGraphics.framework; path = System/Library/Frameworks/CoreGraphics.framework; sourceTree = SDKROOT; };
		AFF350362005B51300807E17 /* SystemConfiguration.framework */ = {isa = PBXFileReference; lastKnownFileType = wrapper.framework; name = SystemConfiguration.framework; path = System/Library/Frameworks/SystemConfiguration.framework; sourceTree = SDKROOT; };
		AFF350382005B51300807E17 /* AudioToolbox.framework */ = {isa = PBXFileReference; lastKnownFileType = wrapper.framework; name = AudioToolbox.framework; path = System/Library/Frameworks/AudioToolbox.framework; sourceTree = SDKROOT; };
		AFF3503A2005B51300807E17 /* CFNetwork.framework */ = {isa = PBXFileReference; lastKnownFileType = wrapper.framework; name = CFNetwork.framework; path = System/Library/Frameworks/CFNetwork.framework; sourceTree = SDKROOT; };
		AFF3503C2005B51300807E17 /* QuartzCore.framework */ = {isa = PBXFileReference; lastKnownFileType = wrapper.framework; name = QuartzCore.framework; path = System/Library/Frameworks/QuartzCore.framework; sourceTree = SDKROOT; };
		AFF3503E2005B51300807E17 /* OpenGLES.framework */ = {isa = PBXFileReference; lastKnownFileType = wrapper.framework; name = OpenGLES.framework; path = System/Library/Frameworks/OpenGLES.framework; sourceTree = SDKROOT; };
		AFF350402005B51300807E17 /* CoreLocation.framework */ = {isa = PBXFileReference; lastKnownFileType = wrapper.framework; name = CoreLocation.framework; path = System/Library/Frameworks/CoreLocation.framework; sourceTree = SDKROOT; };
		AFF350422005B51300807E17 /* CoreMedia.framework */ = {isa = PBXFileReference; lastKnownFileType = wrapper.framework; name = CoreMedia.framework; path = System/Library/Frameworks/CoreMedia.framework; sourceTree = SDKROOT; };
		AFF350442005B51300807E17 /* CoreVideo.framework */ = {isa = PBXFileReference; lastKnownFileType = wrapper.framework; name = CoreVideo.framework; path = System/Library/Frameworks/CoreVideo.framework; sourceTree = SDKROOT; };
		AFF350462005B51300807E17 /* AVFoundation.framework */ = {isa = PBXFileReference; lastKnownFileType = wrapper.framework; name = AVFoundation.framework; path = System/Library/Frameworks/AVFoundation.framework; sourceTree = SDKROOT; };
		AFF350482005B51300807E17 /* Security.framework */ = {isa = PBXFileReference; lastKnownFileType = wrapper.framework; name = Security.framework; path = System/Library/Frameworks/Security.framework; sourceTree = SDKROOT; };
		AFF3504C2005B51300807E17 /* wmane.ane */ = {isa = PBXFileReference; explicitFileType = archive.ar; includeInIndex = 0; path = wmane.ane; sourceTree = BUILT_PRODUCTS_DIR; };
		AFF350562005B51300807E17 /* wmane-Prefix.pch */ = {isa = PBXFileReference; lastKnownFileType = sourcecode.c.h; path = "wmane-Prefix.pch"; sourceTree = "<group>"; };
		AFF350572005B51300807E17 /* wmane.h */ = {isa = PBXFileReference; lastKnownFileType = sourcecode.c.h; path = wmane.h; sourceTree = "<group>"; };
		AFF350592005B51300807E17 /* wmane.m */ = {isa = PBXFileReference; lastKnownFileType = sourcecode.c.objc; path = wmane.m; sourceTree = "<group>"; };
		AFF3505B2005B51300807E17 /* extension.xml */ = {isa = PBXFileReference; lastKnownFileType = text.xml; path = extension.xml; sourceTree = "<group>"; };
		AFF3505C2005B51300807E17 /* platformoptions.xml */ = {isa = PBXFileReference; lastKnownFileType = text.xml; path = platformoptions.xml; sourceTree = "<group>"; };
		AFF3505D2005B51300807E17 /* generateANE.sh */ = {isa = PBXFileReference; lastKnownFileType = text.script.sh; path = generateANE.sh; sourceTree = "<group>"; };
		AFF3505E2005B51300807E17 /* debugIPA.sh */ = {isa = PBXFileReference; lastKnownFileType = text.script.sh; path = debugIPA.sh; sourceTree = "<group>"; };
		AFF3506B2005C2A700807E17 /* AlipaySDK.bundle */ = {isa = PBXFileReference; lastKnownFileType = "wrapper.plug-in"; path = AlipaySDK.bundle; sourceTree = "<group>"; };
		AFF351152005F07D00807E17 /* ANETypeConversion.h */ = {isa = PBXFileReference; fileEncoding = 4; lastKnownFileType = sourcecode.c.h; path = ANETypeConversion.h; sourceTree = "<group>"; };
		AFF351162005F07D00807E17 /* ANETypeConversion.m */ = {isa = PBXFileReference; fileEncoding = 4; lastKnownFileType = sourcecode.c.objc; path = ANETypeConversion.m; sourceTree = "<group>"; };
		AFF3511B2005F67700807E17 /* CoreMotion.framework */ = {isa = PBXFileReference; lastKnownFileType = wrapper.framework; name = CoreMotion.framework; path = System/Library/Frameworks/CoreMotion.framework; sourceTree = SDKROOT; };
		AFF3511D2005F68400807E17 /* CoreTelephony.framework */ = {isa = PBXFileReference; lastKnownFileType = wrapper.framework; name = CoreTelephony.framework; path = System/Library/Frameworks/CoreTelephony.framework; sourceTree = SDKROOT; };
		AFF3511F2005F69300807E17 /* CoreText.framework */ = {isa = PBXFileReference; lastKnownFileType = wrapper.framework; name = CoreText.framework; path = System/Library/Frameworks/CoreText.framework; sourceTree = SDKROOT; };
		AFF351212005F6A200807E17 /* libz.tbd */ = {isa = PBXFileReference; lastKnownFileType = "sourcecode.text-based-dylib-definition"; name = libz.tbd; path = usr/lib/libz.tbd; sourceTree = SDKROOT; };
		AFF351232005F6AD00807E17 /* libc++.tbd */ = {isa = PBXFileReference; lastKnownFileType = "sourcecode.text-based-dylib-definition"; name = "libc++.tbd"; path = "usr/lib/libc++.tbd"; sourceTree = SDKROOT; };
		AFF351412006269F00807E17 /* AlipaySDK.framework */ = {isa = PBXFileReference; lastKnownFileType = wrapper.framework; path = AlipaySDK.framework; sourceTree = "<group>"; };
/* End PBXFileReference section */

/* Begin PBXFrameworksBuildPhase section */
		AFF350262005B51300807E17 /* Frameworks */ = {
			isa = PBXFrameworksBuildPhase;
			buildActionMask = 2147483647;
			files = (
				AFAC00B420B866D7005530D2 /* AVKit.framework in Frameworks */,
				AFAC00B220B866CD005530D2 /* MediaPlayer.framework in Frameworks */,
				AFF351202005F69400807E17 /* CoreText.framework in Frameworks */,
				AFF3511E2005F68400807E17 /* CoreTelephony.framework in Frameworks */,
				AFF3511C2005F67800807E17 /* CoreMotion.framework in Frameworks */,
				AFF350432005B51300807E17 /* CoreMedia.framework in Frameworks */,
				AFF350492005B51300807E17 /* Security.framework in Frameworks */,
				AFF3502F2005B51300807E17 /* CoreFoundation.framework in Frameworks */,
				AFF350412005B51300807E17 /* CoreLocation.framework in Frameworks */,
				AFF350332005B51300807E17 /* MobileCoreServices.framework in Frameworks */,
				AFF350452005B51300807E17 /* CoreVideo.framework in Frameworks */,
				AFF3503B2005B51300807E17 /* CFNetwork.framework in Frameworks */,
				AFF350312005B51300807E17 /* UIKit.framework in Frameworks */,
				AFF350352005B51300807E17 /* CoreGraphics.framework in Frameworks */,
				AFF351422006269F00807E17 /* AlipaySDK.framework in Frameworks */,
				AFF3503F2005B51300807E17 /* OpenGLES.framework in Frameworks */,
				AF4010DC20066BEC00A4D004 /* libWeChatSDK.a in Frameworks */,
				AFF350392005B51300807E17 /* AudioToolbox.framework in Frameworks */,
				AFF350372005B51300807E17 /* SystemConfiguration.framework in Frameworks */,
				AFF3502D2005B51300807E17 /* Foundation.framework in Frameworks */,
				AFF350472005B51300807E17 /* AVFoundation.framework in Frameworks */,
				AF760E2D200B460400F869B1 /* TencentOpenAPI.framework in Frameworks */,
				AFF3503D2005B51300807E17 /* QuartzCore.framework in Frameworks */,
			);
			runOnlyForDeploymentPostprocessing = 0;
		};
/* End PBXFrameworksBuildPhase section */

/* Begin PBXGroup section */
		AF4010D620066BEC00A4D004 /* WechatSDK1.8.2 */ = {
			isa = PBXGroup;
			children = (
				AF4010D720066BEC00A4D004 /* libWeChatSDK.a */,
				AF4010D820066BEC00A4D004 /* README.txt */,
				AF4010D920066BEC00A4D004 /* WechatAuthSDK.h */,
				AF4010DA20066BEC00A4D004 /* WXApi.h */,
				AF4010DB20066BEC00A4D004 /* WXApiObject.h */,
			);
			path = WechatSDK1.8.2;
			sourceTree = "<group>";
		};
		AF760E1D200B460400F869B1 /* QQSDK */ = {
			isa = PBXGroup;
			children = (
				AF760E1E200B460400F869B1 /* TencentOpenAPI.framework */,
				AF760E1F200B460400F869B1 /* TencentOpenApi_IOS_Bundle.bundle */,
			);
			path = QQSDK;
			sourceTree = "<group>";
		};
		AF760E20200B460400F869B1 /* share_src */ = {
			isa = PBXGroup;
			children = (
				AF760E21200B460400F869B1 /* SharedUI.bundle */,
				AF760E22200B460400F869B1 /* src */,
			);
			path = share_src;
			sourceTree = "<group>";
		};
		AF760E22200B460400F869B1 /* src */ = {
			isa = PBXGroup;
			children = (
				AF760E23200B460400F869B1 /* AIActionSheet.h */,
				AF760E24200B460400F869B1 /* AIActionSheet.m */,
				AF760E29200B460400F869B1 /* SharedDataModel.h */,
				AF760E2A200B460400F869B1 /* SharedDataModel.m */,
				AF760E2B200B460400F869B1 /* SharedManager.h */,
				AF760E2C200B460400F869B1 /* SharedManager.m */,
			);
			path = src;
			sourceTree = "<group>";
		};
		AFF350202005B51200807E17 = {
			isa = PBXGroup;
			children = (
				AFF350542005B51300807E17 /* wmane */,
				AFF3502B2005B51300807E17 /* Frameworks */,
				AFF3502A2005B51300807E17 /* Products */,
			);
			sourceTree = "<group>";
		};
		AFF3502A2005B51300807E17 /* Products */ = {
			isa = PBXGroup;
			children = (
				AFF350292005B51300807E17 /* libwmane.a */,
				AFF3504C2005B51300807E17 /* wmane.ane */,
			);
			name = Products;
			sourceTree = "<group>";
		};
		AFF3502B2005B51300807E17 /* Frameworks */ = {
			isa = PBXGroup;
			children = (
				AFD5C80A20B90E77003809A6 /* libcrypto.a */,
				AFD5C80B20B90E78003809A6 /* libssl.a */,
				AFAC00B320B866D7005530D2 /* AVKit.framework */,
				AFAC00B120B866CD005530D2 /* MediaPlayer.framework */,
				AFF351232005F6AD00807E17 /* libc++.tbd */,
				AFF351212005F6A200807E17 /* libz.tbd */,
				AFF3511F2005F69300807E17 /* CoreText.framework */,
				AFF3511D2005F68400807E17 /* CoreTelephony.framework */,
				AFF3511B2005F67700807E17 /* CoreMotion.framework */,
				AFF3502C2005B51300807E17 /* Foundation.framework */,
				AFF3502E2005B51300807E17 /* CoreFoundation.framework */,
				AFF350302005B51300807E17 /* UIKit.framework */,
				AFF350322005B51300807E17 /* MobileCoreServices.framework */,
				AFF350342005B51300807E17 /* CoreGraphics.framework */,
				AFF350362005B51300807E17 /* SystemConfiguration.framework */,
				AFF350382005B51300807E17 /* AudioToolbox.framework */,
				AFF3503A2005B51300807E17 /* CFNetwork.framework */,
				AFF3503C2005B51300807E17 /* QuartzCore.framework */,
				AFF3503E2005B51300807E17 /* OpenGLES.framework */,
				AFF350402005B51300807E17 /* CoreLocation.framework */,
				AFF350422005B51300807E17 /* CoreMedia.framework */,
				AFF350442005B51300807E17 /* CoreVideo.framework */,
				AFF350462005B51300807E17 /* AVFoundation.framework */,
				AFF350482005B51300807E17 /* Security.framework */,
			);
			name = Frameworks;
			sourceTree = "<group>";
		};
		AFF350542005B51300807E17 /* wmane */ = {
			isa = PBXGroup;
			children = (
				AF760E1D200B460400F869B1 /* QQSDK */,
				AF760E20200B460400F869B1 /* share_src */,
				AF4010D620066BEC00A4D004 /* WechatSDK1.8.2 */,
				AFF351122005F07D00807E17 /* ANEHelper */,
				AFF3506A2005C2A700807E17 /* alipay */,
				AFF350572005B51300807E17 /* wmane.h */,
				AFF350592005B51300807E17 /* wmane.m */,
				AF914F6720075B61006CDBCA /* AliPayManager.h */,
				AF914F6820075B61006CDBCA /* AliPayManager.m */,
				AF914F6B20075B82006CDBCA /* WXPayManager.h */,
				AF914F6C20075B82006CDBCA /* WXPayManager.m */,
				AF914F6F20075E80006CDBCA /* ANEExtensionFunc.h */,
				AF914F7020075E81006CDBCA /* ANEExtensionFunc.m */,
				AF0E8B452009DC05002795C7 /* PayConstant.h */,
				AFD5C80E20B96278003809A6 /* AIAppHook2Pay.h */,
				AFD5C80F20B96278003809A6 /* AIAppHook2Pay.m */,
				AFF350552005B51300807E17 /* Supporting Files */,
			);
			path = wmane;
			sourceTree = "<group>";
		};
		AFF350552005B51300807E17 /* Supporting Files */ = {
			isa = PBXGroup;
			children = (
				AFF350562005B51300807E17 /* wmane-Prefix.pch */,
				AFF3505B2005B51300807E17 /* extension.xml */,
				AFF3505C2005B51300807E17 /* platformoptions.xml */,
				AFF3505D2005B51300807E17 /* generateANE.sh */,
				AFF3505E2005B51300807E17 /* debugIPA.sh */,
			);
			name = "Supporting Files";
			sourceTree = "<group>";
		};
		AFF3506A2005C2A700807E17 /* alipay */ = {
			isa = PBXGroup;
			children = (
				AFF351412006269F00807E17 /* AlipaySDK.framework */,
				AFF3506B2005C2A700807E17 /* AlipaySDK.bundle */,
				AFF350BB2005C2A700807E17 /* Utils */,
			);
			path = alipay;
			sourceTree = "<group>";
		};
		AFF350BB2005C2A700807E17 /* Utils */ = {
			isa = PBXGroup;
			children = (
				AFE6AB47201CD36100A2A03D /* NSData+Crypto.h */,
				AFE6AB46201CD36000A2A03D /* NSData+Crypto.m */,
				AFE6AB4A201CD62700A2A03D /* AESEncrypt.h */,
				AFE6AB4B201CD62700A2A03D /* AESEncrypt.m */,
			);
			path = Utils;
			sourceTree = "<group>";
		};
		AFF351122005F07D00807E17 /* ANEHelper */ = {
			isa = PBXGroup;
			children = (
				AFF351152005F07D00807E17 /* ANETypeConversion.h */,
				AFF351162005F07D00807E17 /* ANETypeConversion.m */,
			);
			path = ANEHelper;
			sourceTree = "<group>";
		};
/* End PBXGroup section */

/* Begin PBXHeadersBuildPhase section */
		AFF350272005B51300807E17 /* Headers */ = {
			isa = PBXHeadersBuildPhase;
			buildActionMask = 2147483647;
			files = (
				AF914F6D20075B82006CDBCA /* WXPayManager.h in Headers */,
				AFD5C81020B96278003809A6 /* AIAppHook2Pay.h in Headers */,
				AF760E2E200B460400F869B1 /* AIActionSheet.h in Headers */,
				AF914F6920075B61006CDBCA /* AliPayManager.h in Headers */,
				AF760E34200B460400F869B1 /* SharedDataModel.h in Headers */,
				AFF351192005F07D00807E17 /* ANETypeConversion.h in Headers */,
				AFE6AB49201CD36100A2A03D /* NSData+Crypto.h in Headers */,
				AF4010DE20066BEC00A4D004 /* WXApi.h in Headers */,
				AF4010DF20066BEC00A4D004 /* WXApiObject.h in Headers */,
				AFE6AB4C201CD62700A2A03D /* AESEncrypt.h in Headers */,
				AFF350582005B51300807E17 /* wmane.h in Headers */,
				AF4010DD20066BEC00A4D004 /* WechatAuthSDK.h in Headers */,
				AF914F7120075E81006CDBCA /* ANEExtensionFunc.h in Headers */,
				AF760E36200B460400F869B1 /* SharedManager.h in Headers */,
			);
			runOnlyForDeploymentPostprocessing = 0;
		};
/* End PBXHeadersBuildPhase section */

/* Begin PBXNativeTarget section */
		AFF350282005B51300807E17 /* wmane */ = {
			isa = PBXNativeTarget;
			buildConfigurationList = AFF350612005B51300807E17 /* Build configuration list for PBXNativeTarget "wmane" */;
			buildPhases = (
				AFF350252005B51300807E17 /* Sources */,
				AFF350262005B51300807E17 /* Frameworks */,
				AFF350272005B51300807E17 /* Headers */,
			);
			buildRules = (
			);
			dependencies = (
			);
			name = wmane;
			productName = wmane;
			productReference = AFF350292005B51300807E17 /* libwmane.a */;
			productType = "com.apple.product-type.library.static";
		};
		AFF3504B2005B51300807E17 /* wmane.ane */ = {
			isa = PBXNativeTarget;
			buildConfigurationList = AFF350642005B51300807E17 /* Build configuration list for PBXNativeTarget "wmane.ane" */;
			buildPhases = (
				AFF3504A2005B51300807E17 /* ShellScript */,
			);
			buildRules = (
			);
			dependencies = (
				AFF350512005B51300807E17 /* PBXTargetDependency */,
			);
			name = wmane.ane;
			productName = wmane.ane;
			productReference = AFF3504C2005B51300807E17 /* wmane.ane */;
			productType = "com.apple.product-type.library.static";
		};
/* End PBXNativeTarget section */

/* Begin PBXProject section */
		AFF350212005B51200807E17 /* Project object */ = {
			isa = PBXProject;
			attributes = {
				LastUpgradeCheck = 0930;
				TargetAttributes = {
					AFF350282005B51300807E17 = {
						CreatedOnToolsVersion = 9.2;
						ProvisioningStyle = Automatic;
					};
					AFF3504B2005B51300807E17 = {
						CreatedOnToolsVersion = 9.2;
						ProvisioningStyle = Automatic;
					};
				};
			};
			buildConfigurationList = AFF350242005B51200807E17 /* Build configuration list for PBXProject "wmane" */;
			compatibilityVersion = "Xcode 8.0";
			developmentRegion = en;
			hasScannedForEncodings = 0;
			knownRegions = (
				en,
			);
			mainGroup = AFF350202005B51200807E17;
			productRefGroup = AFF3502A2005B51300807E17 /* Products */;
			projectDirPath = "";
			projectRoot = "";
			targets = (
				AFF350282005B51300807E17 /* wmane */,
				AFF3504B2005B51300807E17 /* wmane.ane */,
			);
		};
/* End PBXProject section */

/* Begin PBXShellScriptBuildPhase section */
		AFF3504A2005B51300807E17 /* ShellScript */ = {
			isa = PBXShellScriptBuildPhase;
			buildActionMask = 2147483647;
			files = (
			);
			inputPaths = (
			);
			outputPaths = (
			);
			runOnlyForDeploymentPostprocessing = 0;
			shellPath = /bin/bash;
			shellScript = "\n\t\t\t\t\t\t\t\tchmod 755 \"$PROJECT_DIR/$PROJECT_NAME/generateANE.sh\"\n\t\t\t\t\t\t\t\t\"$PROJECT_DIR/$PROJECT_NAME/generateANE.sh\"\n\t\t\t\t\t";
		};
/* End PBXShellScriptBuildPhase section */

/* Begin PBXSourcesBuildPhase section */
		AFF350252005B51300807E17 /* Sources */ = {
			isa = PBXSourcesBuildPhase;
			buildActionMask = 2147483647;
			files = (
				AFF3511A2005F07D00807E17 /* ANETypeConversion.m in Sources */,
				AFE6AB48201CD36100A2A03D /* NSData+Crypto.m in Sources */,
				AFE6AB4D201CD62700A2A03D /* AESEncrypt.m in Sources */,
				AFD5C81120B96278003809A6 /* AIAppHook2Pay.m in Sources */,
				AF914F6E20075B82006CDBCA /* WXPayManager.m in Sources */,
				AF760E2F200B460400F869B1 /* AIActionSheet.m in Sources */,
				AFF3505A2005B51300807E17 /* wmane.m in Sources */,
				AF760E35200B460400F869B1 /* SharedDataModel.m in Sources */,
				AF914F6A20075B61006CDBCA /* AliPayManager.m in Sources */,
				AF914F7220075E81006CDBCA /* ANEExtensionFunc.m in Sources */,
				AF760E37200B460400F869B1 /* SharedManager.m in Sources */,
			);
			runOnlyForDeploymentPostprocessing = 0;
		};
/* End PBXSourcesBuildPhase section */

/* Begin PBXTargetDependency section */
		AFF350512005B51300807E17 /* PBXTargetDependency */ = {
			isa = PBXTargetDependency;
			target = AFF350282005B51300807E17 /* wmane */;
			targetProxy = AFF350502005B51300807E17 /* PBXContainerItemProxy */;
		};
/* End PBXTargetDependency section */

/* Begin XCBuildConfiguration section */
		AFF3505F2005B51300807E17 /* Debug */ = {
			isa = XCBuildConfiguration;
			buildSettings = {
				ALWAYS_SEARCH_USER_PATHS = NO;
				CLANG_ENABLE_OBJC_ARC = NO;
				"CODE_SIGN_IDENTITY[sdk=iphoneos*]" = "iPhone Developer";
				COPY_PHASE_STRIP = NO;
				ENABLE_TESTABILITY = YES;
				GCC_C_LANGUAGE_STANDARD = gnu99;
				GCC_DYNAMIC_NO_PIC = NO;
				GCC_ENABLE_CPP_EXCEPTIONS = NO;
				GCC_ENABLE_OBJC_EXCEPTIONS = NO;
				GCC_OPTIMIZATION_LEVEL = 0;
				GCC_PREPROCESSOR_DEFINITIONS = (
					"DEBUG=1",
					"$(inherited)",
				);
				GCC_SYMBOLS_PRIVATE_EXTERN = NO;
				GCC_VERSION = com.apple.compilers.llvmgcc42;
				GCC_WARN_ABOUT_MISSING_PROTOTYPES = YES;
				GCC_WARN_ABOUT_RETURN_TYPE = YES;
				GCC_WARN_UNUSED_VARIABLE = YES;
				IPHONEOS_DEPLOYMENT_TARGET = 11.2;
				ONLY_ACTIVE_ARCH = YES;
				SDKROOT = iphoneos;
				USER_HEADER_SEARCH_PATHS = "/Users/wuyj/youjian.wu/common-lib/AIRSDK/include/";
			};
			name = Debug;
		};
		AFF350602005B51300807E17 /* Release */ = {
			isa = XCBuildConfiguration;
			buildSettings = {
				ALWAYS_SEARCH_USER_PATHS = NO;
				CLANG_ENABLE_OBJC_ARC = NO;
				"CODE_SIGN_IDENTITY[sdk=iphoneos*]" = "iPhone Developer";
				COPY_PHASE_STRIP = YES;
				GCC_C_LANGUAGE_STANDARD = gnu99;
				GCC_ENABLE_CPP_EXCEPTIONS = NO;
				GCC_ENABLE_OBJC_EXCEPTIONS = NO;
				GCC_VERSION = com.apple.compilers.llvmgcc42;
				GCC_WARN_ABOUT_MISSING_PROTOTYPES = YES;
				GCC_WARN_ABOUT_RETURN_TYPE = YES;
				GCC_WARN_UNUSED_VARIABLE = YES;
				IPHONEOS_DEPLOYMENT_TARGET = 11.2;
				SDKROOT = iphoneos;
				USER_HEADER_SEARCH_PATHS = "/Users/wuyj/youjian.wu/common-lib/AIRSDK/include/";
				VALIDATE_PRODUCT = YES;
			};
			name = Release;
		};
		AFF350622005B51300807E17 /* Debug */ = {
			isa = XCBuildConfiguration;
			buildSettings = {
				CLANG_CXX_LANGUAGE_STANDARD = "gnu++14";
				CLANG_CXX_LIBRARY = "libc++";
				CLANG_ENABLE_OBJC_ARC = YES;
				"CODE_SIGN_IDENTITY[sdk=iphoneos*]" = "";
				CODE_SIGN_STYLE = Automatic;
				DEVELOPMENT_TEAM = 7DUX67X748;
				DSTROOT = /tmp/wmane.dst;
				FRAMEWORK_SEARCH_PATHS = (
					"$(inherited)",
					"$(PROJECT_DIR)/wmane/alipay/**",
					"$(PROJECT_DIR)",
					"$(PROJECT_DIR)/wmane/QQSDK",
				);
				GCC_C_LANGUAGE_STANDARD = gnu11;
				GCC_ENABLE_CPP_EXCEPTIONS = YES;
				GCC_PRECOMPILE_PREFIX_HEADER = YES;
				GCC_PREFIX_HEADER = "wmane/wmane-Prefix.pch";
				GCC_VERSION = "";
				HEADER_SEARCH_PATHS = (
					"$(PROJECT_DIR)/wmane/alipay",
					"$(PROJECT_DIR)/wmane/alipay/openssl/**",
				);
				IPHONEOS_DEPLOYMENT_TARGET = 8.0;
				LIBRARY_SEARCH_PATHS = (
					"$(inherited)",
					"$(PROJECT_DIR)/wmane/alipay/**",
					"$(PROJECT_DIR)",
					"$(PROJECT_DIR)/wmane/WechatSDK1.8.2",
				);
				OTHER_LDFLAGS = (
					"-load-all",
					"-Objc",
					"-lz",
				);
				PRODUCT_NAME = "$(TARGET_NAME)";
				SKIP_INSTALL = YES;
				USER_HEADER_SEARCH_PATHS = "/Applications/Adobe\\ Animate\\ CC\\ 2018/AIR26.0/include";
			};
			name = Debug;
		};
		AFF350632005B51300807E17 /* Release */ = {
			isa = XCBuildConfiguration;
			buildSettings = {
				CLANG_CXX_LANGUAGE_STANDARD = "gnu++14";
				CLANG_CXX_LIBRARY = "libc++";
				CLANG_ENABLE_OBJC_ARC = YES;
				"CODE_SIGN_IDENTITY[sdk=iphoneos*]" = "";
				CODE_SIGN_STYLE = Automatic;
				DEVELOPMENT_TEAM = 7DUX67X748;
				DSTROOT = /tmp/wmane.dst;
				FRAMEWORK_SEARCH_PATHS = (
					"$(inherited)",
					"$(PROJECT_DIR)/wmane/alipay/**",
					"$(PROJECT_DIR)",
					"$(PROJECT_DIR)/wmane/QQSDK",
				);
				GCC_C_LANGUAGE_STANDARD = gnu11;
				GCC_ENABLE_CPP_EXCEPTIONS = YES;
				GCC_PRECOMPILE_PREFIX_HEADER = YES;
				GCC_PREFIX_HEADER = "wmane/wmane-Prefix.pch";
				GCC_VERSION = "";
				HEADER_SEARCH_PATHS = (
					"$(PROJECT_DIR)/wmane/alipay",
					"$(PROJECT_DIR)/wmane/alipay/openssl/**",
				);
				IPHONEOS_DEPLOYMENT_TARGET = 8.0;
				LIBRARY_SEARCH_PATHS = (
					"$(inherited)",
					"$(PROJECT_DIR)/wmane/alipay/**",
					"$(PROJECT_DIR)",
					"$(PROJECT_DIR)/wmane/WechatSDK1.8.2",
				);
				OTHER_LDFLAGS = (
					"-load-all",
					"-Objc",
					"-lz",
				);
				PRODUCT_NAME = "$(TARGET_NAME)";
				SKIP_INSTALL = YES;
				USER_HEADER_SEARCH_PATHS = "/Applications/Adobe\\ Animate\\ CC\\ 2018/AIR26.0/include";
			};
			name = Release;
		};
		AFF350652005B51300807E17 /* Debug */ = {
			isa = XCBuildConfiguration;
			buildSettings = {
				AIR_SDK_PATH = "/Users/wuyj/youjian.wu/common-lib/AIRSDK";
				CLANG_ENABLE_OBJC_WEAK = YES;
				CODE_SIGN_STYLE = Automatic;
				DEVELOPMENT_TEAM = 7DUX67X748;
				EXECUTABLE_EXTENSION = ane;
				EXECUTABLE_PREFIX = "";
				GCC_VERSION = "";
				IPHONEOS_DEPLOYMENT_TARGET = 8.0;
				NATIVEEXTENSION_SWC = /;
				OTHER_LDFLAGS = (
					"-Objc",
					"-lz",
				);
				PRODUCT_NAME = wmane;
			};
			name = Debug;
		};
		AFF350662005B51300807E17 /* Release */ = {
			isa = XCBuildConfiguration;
			buildSettings = {
				AIR_SDK_PATH = "/Users/wuyj/youjian.wu/common-lib/AIRSDK";
				CLANG_ENABLE_OBJC_WEAK = YES;
				CODE_SIGN_STYLE = Automatic;
				DEVELOPMENT_TEAM = 7DUX67X748;
				EXECUTABLE_EXTENSION = ane;
				EXECUTABLE_PREFIX = "";
				GCC_VERSION = "";
				IPHONEOS_DEPLOYMENT_TARGET = 8.0;
				NATIVEEXTENSION_SWC = /;
				OTHER_LDFLAGS = (
					"-Objc",
					"-lz",
				);
				PRODUCT_NAME = wmane;
			};
			name = Release;
		};
/* End XCBuildConfiguration section */

/* Begin XCConfigurationList section */
		AFF350242005B51200807E17 /* Build configuration list for PBXProject "wmane" */ = {
			isa = XCConfigurationList;
			buildConfigurations = (
				AFF3505F2005B51300807E17 /* Debug */,
				AFF350602005B51300807E17 /* Release */,
			);
			defaultConfigurationIsVisible = 0;
			defaultConfigurationName = Release;
		};
		AFF350612005B51300807E17 /* Build configuration list for PBXNativeTarget "wmane" */ = {
			isa = XCConfigurationList;
			buildConfigurations = (
				AFF350622005B51300807E17 /* Debug */,
				AFF350632005B51300807E17 /* Release */,
			);
			defaultConfigurationIsVisible = 0;
			defaultConfigurationName = Release;
		};
		AFF350642005B51300807E17 /* Build configuration list for PBXNativeTarget "wmane.ane" */ = {
			isa = XCConfigurationList;
			buildConfigurations = (
				AFF350652005B51300807E17 /* Debug */,
				AFF350662005B51300807E17 /* Release */,
			);
			defaultConfigurationIsVisible = 0;
			defaultConfigurationName = Release;
		};
/* End XCConfigurationList section */
	};
	rootObject = AFF350212005B51200807E17 /* Project object */;
}
